// !$*UTF8*$!
{
	archiveVersion = 1;
	classes = {
	};
	objectVersion = 55;
	objects = {

/* Begin PBXBuildFile section */
		702601BD27F00AD900902725 /* LoanViewController.swift in Sources */ = {isa = PBXBuildFile; fileRef = 702601BC27F00AD900902725 /* LoanViewController.swift */; };
		702601BF27F0291800902725 /* CompoundSavingsViewController.swift in Sources */ = {isa = PBXBuildFile; fileRef = 702601BE27F0291800902725 /* CompoundSavingsViewController.swift */; };
		7040BDD227EDB3640014B0CF /* ConversionsViewController.swift in Sources */ = {isa = PBXBuildFile; fileRef = 7040BDD127EDB3640014B0CF /* ConversionsViewController.swift */; };
		7052199127EB091200A9D712 /* AppDelegate.swift in Sources */ = {isa = PBXBuildFile; fileRef = 7052199027EB091200A9D712 /* AppDelegate.swift */; };
		7052199327EB091200A9D712 /* SceneDelegate.swift in Sources */ = {isa = PBXBuildFile; fileRef = 7052199227EB091200A9D712 /* SceneDelegate.swift */; };
		7052199827EB091200A9D712 /* Main.storyboard in Resources */ = {isa = PBXBuildFile; fileRef = 7052199627EB091200A9D712 /* Main.storyboard */; };
		7052199B27EB091200A9D712 /* Abacus.xcdatamodeld in Sources */ = {isa = PBXBuildFile; fileRef = 7052199927EB091200A9D712 /* Abacus.xcdatamodeld */; };
		7052199D27EB091300A9D712 /* Assets.xcassets in Resources */ = {isa = PBXBuildFile; fileRef = 7052199C27EB091300A9D712 /* Assets.xcassets */; };
		705219A027EB091300A9D712 /* LaunchScreen.storyboard in Resources */ = {isa = PBXBuildFile; fileRef = 7052199E27EB091300A9D712 /* LaunchScreen.storyboard */; };
		705219AB27EB091300A9D712 /* AbacusTests.swift in Sources */ = {isa = PBXBuildFile; fileRef = 705219AA27EB091300A9D712 /* AbacusTests.swift */; };
		705219B527EB091300A9D712 /* AbacusUITests.swift in Sources */ = {isa = PBXBuildFile; fileRef = 705219B427EB091300A9D712 /* AbacusUITests.swift */; };
		705219B727EB091300A9D712 /* AbacusUITestsLaunchTests.swift in Sources */ = {isa = PBXBuildFile; fileRef = 705219B627EB091300A9D712 /* AbacusUITestsLaunchTests.swift */; };
		7053B75327EF9185006D1CAC /* UIViewController+HideKeypad.swift in Sources */ = {isa = PBXBuildFile; fileRef = 7053B75227EF9185006D1CAC /* UIViewController+HideKeypad.swift */; };
		70894B1B27F04C400072A4FB /* Double+RoundConversion.swift in Sources */ = {isa = PBXBuildFile; fileRef = 70894B1A27F04C400072A4FB /* Double+RoundConversion.swift */; };
		70894B1D27F04DCC0072A4FB /* Loan.swift in Sources */ = {isa = PBXBuildFile; fileRef = 70894B1C27F04DCC0072A4FB /* Loan.swift */; };
		70894B1F27F0B6E60072A4FB /* UIViewController+Alerts.swift in Sources */ = {isa = PBXBuildFile; fileRef = 70894B1E27F0B6E60072A4FB /* UIViewController+Alerts.swift */; };
		70894B2127F0EB510072A4FB /* History.swift in Sources */ = {isa = PBXBuildFile; fileRef = 70894B2027F0EB510072A4FB /* History.swift */; };
		70894B2827F0ECCF0072A4FB /* HistoryTableViewCell.swift in Sources */ = {isa = PBXBuildFile; fileRef = 70894B2727F0ECCF0072A4FB /* HistoryTableViewCell.swift */; };
		70894B2C27F0F2D50072A4FB /* UITableView+EmptyTableViewMessage.swift in Sources */ = {isa = PBXBuildFile; fileRef = 70894B2B27F0F2D50072A4FB /* UITableView+EmptyTableViewMessage.swift */; };
		70894B2E27F0F5190072A4FB /* SavingsViewController.swift in Sources */ = {isa = PBXBuildFile; fileRef = 70894B2D27F0F5190072A4FB /* SavingsViewController.swift */; };
		70DF481D27F1731D00BFEBDC /* HistrotyViewController.swift in Sources */ = {isa = PBXBuildFile; fileRef = 70DF481C27F1731D00BFEBDC /* HistrotyViewController.swift */; };
		70DF482127F17A6B00BFEBDC /* Mortgage.swift in Sources */ = {isa = PBXBuildFile; fileRef = 70DF482027F17A6B00BFEBDC /* Mortgage.swift */; };
		70DF482527F1844D00BFEBDC /* MortgageViewController.swift in Sources */ = {isa = PBXBuildFile; fileRef = 70DF482427F1844D00BFEBDC /* MortgageViewController.swift */; };
		70DF482727F1934100BFEBDC /* CompoundSavings.swift in Sources */ = {isa = PBXBuildFile; fileRef = 70DF482627F1934100BFEBDC /* CompoundSavings.swift */; };
		70DF482927F1AE8800BFEBDC /* Savings.swift in Sources */ = {isa = PBXBuildFile; fileRef = 70DF482827F1AE8800BFEBDC /* Savings.swift */; };
		B64ABD8E2807725D004CD12A /* HelpViewController.swift in Sources */ = {isa = PBXBuildFile; fileRef = B64ABD8D2807725D004CD12A /* HelpViewController.swift */; };
/* End PBXBuildFile section */

/* Begin PBXContainerItemProxy section */
		705219A727EB091300A9D712 /* PBXContainerItemProxy */ = {
			isa = PBXContainerItemProxy;
			containerPortal = 7052198527EB091200A9D712 /* Project object */;
			proxyType = 1;
			remoteGlobalIDString = 7052198C27EB091200A9D712;
			remoteInfo = Abacus;
		};
		705219B127EB091300A9D712 /* PBXContainerItemProxy */ = {
			isa = PBXContainerItemProxy;
			containerPortal = 7052198527EB091200A9D712 /* Project object */;
			proxyType = 1;
			remoteGlobalIDString = 7052198C27EB091200A9D712;
			remoteInfo = Abacus;
		};
/* End PBXContainerItemProxy section */

/* Begin PBXFileReference section */
		702601BC27F00AD900902725 /* LoanViewController.swift */ = {isa = PBXFileReference; lastKnownFileType = sourcecode.swift; path = LoanViewController.swift; sourceTree = "<group>"; };
		702601BE27F0291800902725 /* CompoundSavingsViewController.swift */ = {isa = PBXFileReference; lastKnownFileType = sourcecode.swift; path = CompoundSavingsViewController.swift; sourceTree = "<group>"; };
		7040BDD127EDB3640014B0CF /* ConversionsViewController.swift */ = {isa = PBXFileReference; lastKnownFileType = sourcecode.swift; path = ConversionsViewController.swift; sourceTree = "<group>"; };
		7052198D27EB091200A9D712 /* Abacus.app */ = {isa = PBXFileReference; explicitFileType = wrapper.application; includeInIndex = 0; path = Abacus.app; sourceTree = BUILT_PRODUCTS_DIR; };
		7052199027EB091200A9D712 /* AppDelegate.swift */ = {isa = PBXFileReference; lastKnownFileType = sourcecode.swift; path = AppDelegate.swift; sourceTree = "<group>"; };
		7052199227EB091200A9D712 /* SceneDelegate.swift */ = {isa = PBXFileReference; lastKnownFileType = sourcecode.swift; path = SceneDelegate.swift; sourceTree = "<group>"; };
		7052199727EB091200A9D712 /* Base */ = {isa = PBXFileReference; lastKnownFileType = file.storyboard; name = Base; path = Base.lproj/Main.storyboard; sourceTree = "<group>"; };
		7052199A27EB091200A9D712 /* Abacus.xcdatamodel */ = {isa = PBXFileReference; lastKnownFileType = wrapper.xcdatamodel; path = Abacus.xcdatamodel; sourceTree = "<group>"; };
		7052199C27EB091300A9D712 /* Assets.xcassets */ = {isa = PBXFileReference; lastKnownFileType = folder.assetcatalog; path = Assets.xcassets; sourceTree = "<group>"; };
		7052199F27EB091300A9D712 /* Base */ = {isa = PBXFileReference; lastKnownFileType = file.storyboard; name = Base; path = Base.lproj/LaunchScreen.storyboard; sourceTree = "<group>"; };
		705219A127EB091300A9D712 /* Info.plist */ = {isa = PBXFileReference; lastKnownFileType = text.plist.xml; path = Info.plist; sourceTree = "<group>"; };
		705219A627EB091300A9D712 /* AbacusTests.xctest */ = {isa = PBXFileReference; explicitFileType = wrapper.cfbundle; includeInIndex = 0; path = AbacusTests.xctest; sourceTree = BUILT_PRODUCTS_DIR; };
		705219AA27EB091300A9D712 /* AbacusTests.swift */ = {isa = PBXFileReference; lastKnownFileType = sourcecode.swift; path = AbacusTests.swift; sourceTree = "<group>"; };
		705219B027EB091300A9D712 /* AbacusUITests.xctest */ = {isa = PBXFileReference; explicitFileType = wrapper.cfbundle; includeInIndex = 0; path = AbacusUITests.xctest; sourceTree = BUILT_PRODUCTS_DIR; };
		705219B427EB091300A9D712 /* AbacusUITests.swift */ = {isa = PBXFileReference; lastKnownFileType = sourcecode.swift; path = AbacusUITests.swift; sourceTree = "<group>"; };
		705219B627EB091300A9D712 /* AbacusUITestsLaunchTests.swift */ = {isa = PBXFileReference; lastKnownFileType = sourcecode.swift; path = AbacusUITestsLaunchTests.swift; sourceTree = "<group>"; };
		7053B75227EF9185006D1CAC /* UIViewController+HideKeypad.swift */ = {isa = PBXFileReference; lastKnownFileType = sourcecode.swift; path = "UIViewController+HideKeypad.swift"; sourceTree = "<group>"; };
		70894B1A27F04C400072A4FB /* Double+RoundConversion.swift */ = {isa = PBXFileReference; lastKnownFileType = sourcecode.swift; path = "Double+RoundConversion.swift"; sourceTree = "<group>"; };
		70894B1C27F04DCC0072A4FB /* Loan.swift */ = {isa = PBXFileReference; lastKnownFileType = sourcecode.swift; path = Loan.swift; sourceTree = "<group>"; };
		70894B1E27F0B6E60072A4FB /* UIViewController+Alerts.swift */ = {isa = PBXFileReference; lastKnownFileType = sourcecode.swift; path = "UIViewController+Alerts.swift"; sourceTree = "<group>"; };
		70894B2027F0EB510072A4FB /* History.swift */ = {isa = PBXFileReference; lastKnownFileType = sourcecode.swift; path = History.swift; sourceTree = "<group>"; };
		70894B2727F0ECCF0072A4FB /* HistoryTableViewCell.swift */ = {isa = PBXFileReference; lastKnownFileType = sourcecode.swift; path = HistoryTableViewCell.swift; sourceTree = "<group>"; };
		70894B2B27F0F2D50072A4FB /* UITableView+EmptyTableViewMessage.swift */ = {isa = PBXFileReference; lastKnownFileType = sourcecode.swift; path = "UITableView+EmptyTableViewMessage.swift"; sourceTree = "<group>"; };
		70894B2D27F0F5190072A4FB /* SavingsViewController.swift */ = {isa = PBXFileReference; lastKnownFileType = sourcecode.swift; path = SavingsViewController.swift; sourceTree = "<group>"; };
		70DF481C27F1731D00BFEBDC /* HistrotyViewController.swift */ = {isa = PBXFileReference; lastKnownFileType = sourcecode.swift; path = HistrotyViewController.swift; sourceTree = "<group>"; };
		70DF482027F17A6B00BFEBDC /* Mortgage.swift */ = {isa = PBXFileReference; lastKnownFileType = sourcecode.swift; path = Mortgage.swift; sourceTree = "<group>"; };
		70DF482427F1844D00BFEBDC /* MortgageViewController.swift */ = {isa = PBXFileReference; lastKnownFileType = sourcecode.swift; path = MortgageViewController.swift; sourceTree = "<group>"; };
		70DF482627F1934100BFEBDC /* CompoundSavings.swift */ = {isa = PBXFileReference; lastKnownFileType = sourcecode.swift; path = CompoundSavings.swift; sourceTree = "<group>"; };
		70DF482827F1AE8800BFEBDC /* Savings.swift */ = {isa = PBXFileReference; lastKnownFileType = sourcecode.swift; path = Savings.swift; sourceTree = "<group>"; };
		B64ABD8D2807725D004CD12A /* HelpViewController.swift */ = {isa = PBXFileReference; lastKnownFileType = sourcecode.swift; path = HelpViewController.swift; sourceTree = "<group>"; };
/* End PBXFileReference section */

/* Begin PBXFrameworksBuildPhase section */
		7052198A27EB091200A9D712 /* Frameworks */ = {
			isa = PBXFrameworksBuildPhase;
			buildActionMask = 2147483647;
			files = (
			);
			runOnlyForDeploymentPostprocessing = 0;
		};
		705219A327EB091300A9D712 /* Frameworks */ = {
			isa = PBXFrameworksBuildPhase;
			buildActionMask = 2147483647;
			files = (
			);
			runOnlyForDeploymentPostprocessing = 0;
		};
		705219AD27EB091300A9D712 /* Frameworks */ = {
			isa = PBXFrameworksBuildPhase;
			buildActionMask = 2147483647;
			files = (
			);
			runOnlyForDeploymentPostprocessing = 0;
		};
/* End PBXFrameworksBuildPhase section */

/* Begin PBXGroup section */
		7052198427EB091200A9D712 = {
			isa = PBXGroup;
			children = (
				7052198F27EB091200A9D712 /* Abacus */,
				705219A927EB091300A9D712 /* AbacusTests */,
				705219B327EB091300A9D712 /* AbacusUITests */,
				7052198E27EB091200A9D712 /* Products */,
			);
			sourceTree = "<group>";
		};
		7052198E27EB091200A9D712 /* Products */ = {
			isa = PBXGroup;
			children = (
				7052198D27EB091200A9D712 /* Abacus.app */,
				705219A627EB091300A9D712 /* AbacusTests.xctest */,
				705219B027EB091300A9D712 /* AbacusUITests.xctest */,
			);
			name = Products;
			sourceTree = "<group>";
		};
		7052198F27EB091200A9D712 /* Abacus */ = {
			isa = PBXGroup;
			children = (
				7053B74927EF577C006D1CAC /* Extensions */,
				705219C727EB5E1000A9D712 /* Model */,
				705219C627EB5DF900A9D712 /* Controller */,
				705219C327EB500800A9D712 /* View */,
				7052199027EB091200A9D712 /* AppDelegate.swift */,
				7052199227EB091200A9D712 /* SceneDelegate.swift */,
				7052199C27EB091300A9D712 /* Assets.xcassets */,
				705219A127EB091300A9D712 /* Info.plist */,
				7052199927EB091200A9D712 /* Abacus.xcdatamodeld */,
			);
			path = Abacus;
			sourceTree = "<group>";
		};
		705219A927EB091300A9D712 /* AbacusTests */ = {
			isa = PBXGroup;
			children = (
				705219AA27EB091300A9D712 /* AbacusTests.swift */,
			);
			path = AbacusTests;
			sourceTree = "<group>";
		};
		705219B327EB091300A9D712 /* AbacusUITests */ = {
			isa = PBXGroup;
			children = (
				705219B427EB091300A9D712 /* AbacusUITests.swift */,
				705219B627EB091300A9D712 /* AbacusUITestsLaunchTests.swift */,
			);
			path = AbacusUITests;
			sourceTree = "<group>";
		};
		705219C327EB500800A9D712 /* View */ = {
			isa = PBXGroup;
			children = (
				7052199E27EB091300A9D712 /* LaunchScreen.storyboard */,
				7052199627EB091200A9D712 /* Main.storyboard */,
			);
			path = View;
			sourceTree = "<group>";
		};
		705219C627EB5DF900A9D712 /* Controller */ = {
			isa = PBXGroup;
			children = (
				7040BDD127EDB3640014B0CF /* ConversionsViewController.swift */,
				702601BC27F00AD900902725 /* LoanViewController.swift */,
				702601BE27F0291800902725 /* CompoundSavingsViewController.swift */,
				70894B2D27F0F5190072A4FB /* SavingsViewController.swift */,
				70DF481C27F1731D00BFEBDC /* HistrotyViewController.swift */,
				70DF482427F1844D00BFEBDC /* MortgageViewController.swift */,
				B64ABD8D2807725D004CD12A /* HelpViewController.swift */,
			);
			path = Controller;
			sourceTree = "<group>";
		};
		705219C727EB5E1000A9D712 /* Model */ = {
			isa = PBXGroup;
			children = (
				70894B1C27F04DCC0072A4FB /* Loan.swift */,
				70894B2027F0EB510072A4FB /* History.swift */,
				70894B2727F0ECCF0072A4FB /* HistoryTableViewCell.swift */,
				70DF482027F17A6B00BFEBDC /* Mortgage.swift */,
				70DF482627F1934100BFEBDC /* CompoundSavings.swift */,
				70DF482827F1AE8800BFEBDC /* Savings.swift */,
			);
			path = Model;
			sourceTree = "<group>";
		};
		7053B74927EF577C006D1CAC /* Extensions */ = {
			isa = PBXGroup;
			children = (
				7053B75227EF9185006D1CAC /* UIViewController+HideKeypad.swift */,
				70894B1A27F04C400072A4FB /* Double+RoundConversion.swift */,
				70894B1E27F0B6E60072A4FB /* UIViewController+Alerts.swift */,
				70894B2B27F0F2D50072A4FB /* UITableView+EmptyTableViewMessage.swift */,
			);
			path = Extensions;
			sourceTree = "<group>";
		};
/* End PBXGroup section */

/* Begin PBXNativeTarget section */
		7052198C27EB091200A9D712 /* Abacus */ = {
			isa = PBXNativeTarget;
			buildConfigurationList = 705219BA27EB091300A9D712 /* Build configuration list for PBXNativeTarget "Abacus" */;
			buildPhases = (
				7052198927EB091200A9D712 /* Sources */,
				7052198A27EB091200A9D712 /* Frameworks */,
				7052198B27EB091200A9D712 /* Resources */,
			);
			buildRules = (
			);
			dependencies = (
			);
			name = Abacus;
			productName = Abacus;
			productReference = 7052198D27EB091200A9D712 /* Abacus.app */;
			productType = "com.apple.product-type.application";
		};
		705219A527EB091300A9D712 /* AbacusTests */ = {
			isa = PBXNativeTarget;
			buildConfigurationList = 705219BD27EB091300A9D712 /* Build configuration list for PBXNativeTarget "AbacusTests" */;
			buildPhases = (
				705219A227EB091300A9D712 /* Sources */,
				705219A327EB091300A9D712 /* Frameworks */,
				705219A427EB091300A9D712 /* Resources */,
			);
			buildRules = (
			);
			dependencies = (
				705219A827EB091300A9D712 /* PBXTargetDependency */,
			);
			name = AbacusTests;
			productName = AbacusTests;
			productReference = 705219A627EB091300A9D712 /* AbacusTests.xctest */;
			productType = "com.apple.product-type.bundle.unit-test";
		};
		705219AF27EB091300A9D712 /* AbacusUITests */ = {
			isa = PBXNativeTarget;
			buildConfigurationList = 705219C027EB091300A9D712 /* Build configuration list for PBXNativeTarget "AbacusUITests" */;
			buildPhases = (
				705219AC27EB091300A9D712 /* Sources */,
				705219AD27EB091300A9D712 /* Frameworks */,
				705219AE27EB091300A9D712 /* Resources */,
			);
			buildRules = (
			);
			dependencies = (
				705219B227EB091300A9D712 /* PBXTargetDependency */,
			);
			name = AbacusUITests;
			productName = AbacusUITests;
			productReference = 705219B027EB091300A9D712 /* AbacusUITests.xctest */;
			productType = "com.apple.product-type.bundle.ui-testing";
		};
/* End PBXNativeTarget section */

/* Begin PBXProject section */
		7052198527EB091200A9D712 /* Project object */ = {
			isa = PBXProject;
			attributes = {
				BuildIndependentTargetsInParallel = 1;
				LastSwiftUpdateCheck = 1320;
				LastUpgradeCheck = 1320;
				TargetAttributes = {
					7052198C27EB091200A9D712 = {
						CreatedOnToolsVersion = 13.2.1;
					};
					705219A527EB091300A9D712 = {
						CreatedOnToolsVersion = 13.2.1;
						TestTargetID = 7052198C27EB091200A9D712;
					};
					705219AF27EB091300A9D712 = {
						CreatedOnToolsVersion = 13.2.1;
						TestTargetID = 7052198C27EB091200A9D712;
					};
				};
			};
			buildConfigurationList = 7052198827EB091200A9D712 /* Build configuration list for PBXProject "Abacus" */;
			compatibilityVersion = "Xcode 13.0";
			developmentRegion = en;
			hasScannedForEncodings = 0;
			knownRegions = (
				en,
				Base,
			);
			mainGroup = 7052198427EB091200A9D712;
			productRefGroup = 7052198E27EB091200A9D712 /* Products */;
			projectDirPath = "";
			projectRoot = "";
			targets = (
				7052198C27EB091200A9D712 /* Abacus */,
				705219A527EB091300A9D712 /* AbacusTests */,
				705219AF27EB091300A9D712 /* AbacusUITests */,
			);
		};
/* End PBXProject section */

/* Begin PBXResourcesBuildPhase section */
		7052198B27EB091200A9D712 /* Resources */ = {
			isa = PBXResourcesBuildPhase;
			buildActionMask = 2147483647;
			files = (
				705219A027EB091300A9D712 /* LaunchScreen.storyboard in Resources */,
				7052199D27EB091300A9D712 /* Assets.xcassets in Resources */,
				7052199827EB091200A9D712 /* Main.storyboard in Resources */,
			);
			runOnlyForDeploymentPostprocessing = 0;
		};
		705219A427EB091300A9D712 /* Resources */ = {
			isa = PBXResourcesBuildPhase;
			buildActionMask = 2147483647;
			files = (
			);
			runOnlyForDeploymentPostprocessing = 0;
		};
		705219AE27EB091300A9D712 /* Resources */ = {
			isa = PBXResourcesBuildPhase;
			buildActionMask = 2147483647;
			files = (
			);
			runOnlyForDeploymentPostprocessing = 0;
		};
/* End PBXResourcesBuildPhase section */

/* Begin PBXSourcesBuildPhase section */
		7052198927EB091200A9D712 /* Sources */ = {
			isa = PBXSourcesBuildPhase;
			buildActionMask = 2147483647;
			files = (
				7052199127EB091200A9D712 /* AppDelegate.swift in Sources */,
				7052199B27EB091200A9D712 /* Abacus.xcdatamodeld in Sources */,
				702601BD27F00AD900902725 /* LoanViewController.swift in Sources */,
				70894B2127F0EB510072A4FB /* History.swift in Sources */,
				70DF482527F1844D00BFEBDC /* MortgageViewController.swift in Sources */,
				70894B2C27F0F2D50072A4FB /* UITableView+EmptyTableViewMessage.swift in Sources */,
				70DF482927F1AE8800BFEBDC /* Savings.swift in Sources */,
				70DF482727F1934100BFEBDC /* CompoundSavings.swift in Sources */,
				70894B2E27F0F5190072A4FB /* SavingsViewController.swift in Sources */,
				70894B1F27F0B6E60072A4FB /* UIViewController+Alerts.swift in Sources */,
				70894B1B27F04C400072A4FB /* Double+RoundConversion.swift in Sources */,
				70894B2827F0ECCF0072A4FB /* HistoryTableViewCell.swift in Sources */,
				70894B1D27F04DCC0072A4FB /* Loan.swift in Sources */,
				7040BDD227EDB3640014B0CF /* ConversionsViewController.swift in Sources */,
				70DF481D27F1731D00BFEBDC /* HistrotyViewController.swift in Sources */,
				7053B75327EF9185006D1CAC /* UIViewController+HideKeypad.swift in Sources */,
				702601BF27F0291800902725 /* CompoundSavingsViewController.swift in Sources */,
				7052199327EB091200A9D712 /* SceneDelegate.swift in Sources */,
				70DF482127F17A6B00BFEBDC /* Mortgage.swift in Sources */,
				B64ABD8E2807725D004CD12A /* HelpViewController.swift in Sources */,
			);
			runOnlyForDeploymentPostprocessing = 0;
		};
		705219A227EB091300A9D712 /* Sources */ = {
			isa = PBXSourcesBuildPhase;
			buildActionMask = 2147483647;
			files = (
				705219AB27EB091300A9D712 /* AbacusTests.swift in Sources */,
			);
			runOnlyForDeploymentPostprocessing = 0;
		};
		705219AC27EB091300A9D712 /* Sources */ = {
			isa = PBXSourcesBuildPhase;
			buildActionMask = 2147483647;
			files = (
				705219B527EB091300A9D712 /* AbacusUITests.swift in Sources */,
				705219B727EB091300A9D712 /* AbacusUITestsLaunchTests.swift in Sources */,
			);
			runOnlyForDeploymentPostprocessing = 0;
		};
/* End PBXSourcesBuildPhase section */

/* Begin PBXTargetDependency section */
		705219A827EB091300A9D712 /* PBXTargetDependency */ = {
			isa = PBXTargetDependency;
			target = 7052198C27EB091200A9D712 /* Abacus */;
			targetProxy = 705219A727EB091300A9D712 /* PBXContainerItemProxy */;
		};
		705219B227EB091300A9D712 /* PBXTargetDependency */ = {
			isa = PBXTargetDependency;
			target = 7052198C27EB091200A9D712 /* Abacus */;
			targetProxy = 705219B127EB091300A9D712 /* PBXContainerItemProxy */;
		};
/* End PBXTargetDependency section */

/* Begin PBXVariantGroup section */
		7052199627EB091200A9D712 /* Main.storyboard */ = {
			isa = PBXVariantGroup;
			children = (
				7052199727EB091200A9D712 /* Base */,
			);
			name = Main.storyboard;
			sourceTree = "<group>";
		};
		7052199E27EB091300A9D712 /* LaunchScreen.storyboard */ = {
			isa = PBXVariantGroup;
			children = (
				7052199F27EB091300A9D712 /* Base */,
			);
			name = LaunchScreen.storyboard;
			sourceTree = "<group>";
		};
/* End PBXVariantGroup section */

/* Begin XCBuildConfiguration section */
		705219B827EB091300A9D712 /* Debug */ = {
			isa = XCBuildConfiguration;
			buildSettings = {
				ALWAYS_SEARCH_USER_PATHS = NO;
				CLANG_ANALYZER_NONNULL = YES;
				CLANG_ANALYZER_NUMBER_OBJECT_CONVERSION = YES_AGGRESSIVE;
				CLANG_CXX_LANGUAGE_STANDARD = "gnu++17";
				CLANG_CXX_LIBRARY = "libc++";
				CLANG_ENABLE_MODULES = YES;
				CLANG_ENABLE_OBJC_ARC = YES;
				CLANG_ENABLE_OBJC_WEAK = YES;
				CLANG_WARN_BLOCK_CAPTURE_AUTORELEASING = YES;
				CLANG_WARN_BOOL_CONVERSION = YES;
				CLANG_WARN_COMMA = YES;
				CLANG_WARN_CONSTANT_CONVERSION = YES;
				CLANG_WARN_DEPRECATED_OBJC_IMPLEMENTATIONS = YES;
				CLANG_WARN_DIRECT_OBJC_ISA_USAGE = YES_ERROR;
				CLANG_WARN_DOCUMENTATION_COMMENTS = YES;
				CLANG_WARN_EMPTY_BODY = YES;
				CLANG_WARN_ENUM_CONVERSION = YES;
				CLANG_WARN_INFINITE_RECURSION = YES;
				CLANG_WARN_INT_CONVERSION = YES;
				CLANG_WARN_NON_LITERAL_NULL_CONVERSION = YES;
				CLANG_WARN_OBJC_IMPLICIT_RETAIN_SELF = YES;
				CLANG_WARN_OBJC_LITERAL_CONVERSION = YES;
				CLANG_WARN_OBJC_ROOT_CLASS = YES_ERROR;
				CLANG_WARN_QUOTED_INCLUDE_IN_FRAMEWORK_HEADER = YES;
				CLANG_WARN_RANGE_LOOP_ANALYSIS = YES;
				CLANG_WARN_STRICT_PROTOTYPES = YES;
				CLANG_WARN_SUSPICIOUS_MOVE = YES;
				CLANG_WARN_UNGUARDED_AVAILABILITY = YES_AGGRESSIVE;
				CLANG_WARN_UNREACHABLE_CODE = YES;
				CLANG_WARN__DUPLICATE_METHOD_MATCH = YES;
				COPY_PHASE_STRIP = NO;
				DEBUG_INFORMATION_FORMAT = dwarf;
				ENABLE_STRICT_OBJC_MSGSEND = YES;
				ENABLE_TESTABILITY = YES;
				GCC_C_LANGUAGE_STANDARD = gnu11;
				GCC_DYNAMIC_NO_PIC = NO;
				GCC_NO_COMMON_BLOCKS = YES;
				GCC_OPTIMIZATION_LEVEL = 0;
				GCC_PREPROCESSOR_DEFINITIONS = (
					"DEBUG=1",
					"$(inherited)",
				);
				GCC_WARN_64_TO_32_BIT_CONVERSION = YES;
				GCC_WARN_ABOUT_RETURN_TYPE = YES_ERROR;
				GCC_WARN_UNDECLARED_SELECTOR = YES;
				GCC_WARN_UNINITIALIZED_AUTOS = YES_AGGRESSIVE;
				GCC_WARN_UNUSED_FUNCTION = YES;
				GCC_WARN_UNUSED_VARIABLE = YES;
				IPHONEOS_DEPLOYMENT_TARGET = 15.2;
				MTL_ENABLE_DEBUG_INFO = INCLUDE_SOURCE;
				MTL_FAST_MATH = YES;
				ONLY_ACTIVE_ARCH = YES;
				SDKROOT = iphoneos;
				SWIFT_ACTIVE_COMPILATION_CONDITIONS = DEBUG;
				SWIFT_OPTIMIZATION_LEVEL = "-Onone";
			};
			name = Debug;
		};
		705219B927EB091300A9D712 /* Release */ = {
			isa = XCBuildConfiguration;
			buildSettings = {
				ALWAYS_SEARCH_USER_PATHS = NO;
				CLANG_ANALYZER_NONNULL = YES;
				CLANG_ANALYZER_NUMBER_OBJECT_CONVERSION = YES_AGGRESSIVE;
				CLANG_CXX_LANGUAGE_STANDARD = "gnu++17";
				CLANG_CXX_LIBRARY = "libc++";
				CLANG_ENABLE_MODULES = YES;
				CLANG_ENABLE_OBJC_ARC = YES;
				CLANG_ENABLE_OBJC_WEAK = YES;
				CLANG_WARN_BLOCK_CAPTURE_AUTORELEASING = YES;
				CLANG_WARN_BOOL_CONVERSION = YES;
				CLANG_WARN_COMMA = YES;
				CLANG_WARN_CONSTANT_CONVERSION = YES;
				CLANG_WARN_DEPRECATED_OBJC_IMPLEMENTATIONS = YES;
				CLANG_WARN_DIRECT_OBJC_ISA_USAGE = YES_ERROR;
				CLANG_WARN_DOCUMENTATION_COMMENTS = YES;
				CLANG_WARN_EMPTY_BODY = YES;
				CLANG_WARN_ENUM_CONVERSION = YES;
				CLANG_WARN_INFINITE_RECURSION = YES;
				CLANG_WARN_INT_CONVERSION = YES;
				CLANG_WARN_NON_LITERAL_NULL_CONVERSION = YES;
				CLANG_WARN_OBJC_IMPLICIT_RETAIN_SELF = YES;
				CLANG_WARN_OBJC_LITERAL_CONVERSION = YES;
				CLANG_WARN_OBJC_ROOT_CLASS = YES_ERROR;
				CLANG_WARN_QUOTED_INCLUDE_IN_FRAMEWORK_HEADER = YES;
				CLANG_WARN_RANGE_LOOP_ANALYSIS = YES;
				CLANG_WARN_STRICT_PROTOTYPES = YES;
				CLANG_WARN_SUSPICIOUS_MOVE = YES;
				CLANG_WARN_UNGUARDED_AVAILABILITY = YES_AGGRESSIVE;
				CLANG_WARN_UNREACHABLE_CODE = YES;
				CLANG_WARN__DUPLICATE_METHOD_MATCH = YES;
				COPY_PHASE_STRIP = NO;
				DEBUG_INFORMATION_FORMAT = "dwarf-with-dsym";
				ENABLE_NS_ASSERTIONS = NO;
				ENABLE_STRICT_OBJC_MSGSEND = YES;
				GCC_C_LANGUAGE_STANDARD = gnu11;
				GCC_NO_COMMON_BLOCKS = YES;
				GCC_WARN_64_TO_32_BIT_CONVERSION = YES;
				GCC_WARN_ABOUT_RETURN_TYPE = YES_ERROR;
				GCC_WARN_UNDECLARED_SELECTOR = YES;
				GCC_WARN_UNINITIALIZED_AUTOS = YES_AGGRESSIVE;
				GCC_WARN_UNUSED_FUNCTION = YES;
				GCC_WARN_UNUSED_VARIABLE = YES;
				IPHONEOS_DEPLOYMENT_TARGET = 15.2;
				MTL_ENABLE_DEBUG_INFO = NO;
				MTL_FAST_MATH = YES;
				SDKROOT = iphoneos;
				SWIFT_COMPILATION_MODE = wholemodule;
				SWIFT_OPTIMIZATION_LEVEL = "-O";
				VALIDATE_PRODUCT = YES;
			};
			name = Release;
		};
		705219BB27EB091300A9D712 /* Debug */ = {
			isa = XCBuildConfiguration;
			buildSettings = {
				ASSETCATALOG_COMPILER_APPICON_NAME = AppIcon;
				ASSETCATALOG_COMPILER_GLOBAL_ACCENT_COLOR_NAME = AccentColor;
				CODE_SIGN_STYLE = Automatic;
				CURRENT_PROJECT_VERSION = 1;
				GENERATE_INFOPLIST_FILE = YES;
				INFOPLIST_FILE = Abacus/Info.plist;
				INFOPLIST_KEY_UIApplicationSupportsIndirectInputEvents = YES;
				INFOPLIST_KEY_UILaunchStoryboardName = LaunchScreen;
				INFOPLIST_KEY_UIMainStoryboardFile = Main;
				INFOPLIST_KEY_UISupportedInterfaceOrientations = UIInterfaceOrientationPortrait;
				INFOPLIST_KEY_UISupportedInterfaceOrientations_iPad = "UIInterfaceOrientationPortrait UIInterfaceOrientationPortraitUpsideDown UIInterfaceOrientationLandscapeLeft UIInterfaceOrientationLandscapeRight";
				INFOPLIST_KEY_UISupportedInterfaceOrientations_iPhone = "UIInterfaceOrientationPortrait UIInterfaceOrientationLandscapeLeft UIInterfaceOrientationLandscapeRight";
				INFOPLIST_KEY_UIUserInterfaceStyle = Light;
				LD_RUNPATH_SEARCH_PATHS = (
					"$(inherited)",
					"@executable_path/Frameworks",
				);
				MARKETING_VERSION = 1.0;
				PRODUCT_BUNDLE_IDENTIFIER = com.chamikaperera.Abacus;
				PRODUCT_NAME = "$(TARGET_NAME)";
				SWIFT_EMIT_LOC_STRINGS = YES;
				SWIFT_VERSION = 5.0;
				TARGETED_DEVICE_FAMILY = 1;
			};
			name = Debug;
		};
		705219BC27EB091300A9D712 /* Release */ = {
			isa = XCBuildConfiguration;
			buildSettings = {
				ASSETCATALOG_COMPILER_APPICON_NAME = AppIcon;
				ASSETCATALOG_COMPILER_GLOBAL_ACCENT_COLOR_NAME = AccentColor;
				CODE_SIGN_STYLE = Automatic;
				CURRENT_PROJECT_VERSION = 1;
				GENERATE_INFOPLIST_FILE = YES;
				INFOPLIST_FILE = Abacus/Info.plist;
				INFOPLIST_KEY_UIApplicationSupportsIndirectInputEvents = YES;
				INFOPLIST_KEY_UILaunchStoryboardName = LaunchScreen;
				INFOPLIST_KEY_UIMainStoryboardFile = Main;
				INFOPLIST_KEY_UISupportedInterfaceOrientations = UIInterfaceOrientationPortrait;
				INFOPLIST_KEY_UISupportedInterfaceOrientations_iPad = "UIInterfaceOrientationPortrait UIInterfaceOrientationPortraitUpsideDown UIInterfaceOrientationLandscapeLeft UIInterfaceOrientationLandscapeRight";
				INFOPLIST_KEY_UISupportedInterfaceOrientations_iPhone = "UIInterfaceOrientationPortrait UIInterfaceOrientationLandscapeLeft UIInterfaceOrientationLandscapeRight";
				INFOPLIST_KEY_UIUserInterfaceStyle = Light;
				LD_RUNPATH_SEARCH_PATHS = (
					"$(inherited)",
					"@executable_path/Frameworks",
				);
				MARKETING_VERSION = 1.0;
				PRODUCT_BUNDLE_IDENTIFIER = com.chamikaperera.Abacus;
				PRODUCT_NAME = "$(TARGET_NAME)";
				SWIFT_EMIT_LOC_STRINGS = YES;
				SWIFT_VERSION = 5.0;
				TARGETED_DEVICE_FAMILY = 1;
			};
			name = Release;
		};
		705219BE27EB091300A9D712 /* Debug */ = {
			isa = XCBuildConfiguration;
			buildSettings = {
				ALWAYS_EMBED_SWIFT_STANDARD_LIBRARIES = YES;
				BUNDLE_LOADER = "$(TEST_HOST)";
				CODE_SIGN_STYLE = Automatic;
				CURRENT_PROJECT_VERSION = 1;
				GENERATE_INFOPLIST_FILE = YES;
				IPHONEOS_DEPLOYMENT_TARGET = 15.2;
				MARKETING_VERSION = 1.0;
				PRODUCT_BUNDLE_IDENTIFIER = com.chamikaperera.AbacusTests;
				PRODUCT_NAME = "$(TARGET_NAME)";
				SWIFT_EMIT_LOC_STRINGS = NO;
				SWIFT_VERSION = 5.0;
				TARGETED_DEVICE_FAMILY = "1,2";
				TEST_HOST = "$(BUILT_PRODUCTS_DIR)/Abacus.app/Abacus";
			};
			name = Debug;
		};
		705219BF27EB091300A9D712 /* Release */ = {
			isa = XCBuildConfiguration;
			buildSettings = {
				ALWAYS_EMBED_SWIFT_STANDARD_LIBRARIES = YES;
				BUNDLE_LOADER = "$(TEST_HOST)";
				CODE_SIGN_STYLE = Automatic;
				CURRENT_PROJECT_VERSION = 1;
				GENERATE_INFOPLIST_FILE = YES;
				IPHONEOS_DEPLOYMENT_TARGET = 15.2;
				MARKETING_VERSION = 1.0;
				PRODUCT_BUNDLE_IDENTIFIER = com.chamikaperera.AbacusTests;
				PRODUCT_NAME = "$(TARGET_NAME)";
				SWIFT_EMIT_LOC_STRINGS = NO;
				SWIFT_VERSION = 5.0;
				TARGETED_DEVICE_FAMILY = "1,2";
				TEST_HOST = "$(BUILT_PRODUCTS_DIR)/Abacus.app/Abacus";
			};
			name = Release;
		};
		705219C127EB091300A9D712 /* Debug */ = {
			isa = XCBuildConfiguration;
			buildSettings = {
				ALWAYS_EMBED_SWIFT_STANDARD_LIBRARIES = YES;
				CODE_SIGN_STYLE = Automatic;
				CURRENT_PROJECT_VERSION = 1;
				GENERATE_INFOPLIST_FILE = YES;
				MARKETING_VERSION = 1.0;
				PRODUCT_BUNDLE_IDENTIFIER = com.chamikaperera.AbacusUITests;
				PRODUCT_NAME = "$(TARGET_NAME)";
				SWIFT_EMIT_LOC_STRINGS = NO;
				SWIFT_VERSION = 5.0;
				TARGETED_DEVICE_FAMILY = "1,2";
				TEST_TARGET_NAME = Abacus;
			};
			name = Debug;
		};
		705219C227EB091300A9D712 /* Release */ = {
			isa = XCBuildConfiguration;
			buildSettings = {
				ALWAYS_EMBED_SWIFT_STANDARD_LIBRARIES = YES;
				CODE_SIGN_STYLE = Automatic;
				CURRENT_PROJECT_VERSION = 1;
				GENERATE_INFOPLIST_FILE = YES;
				MARKETING_VERSION = 1.0;
				PRODUCT_BUNDLE_IDENTIFIER = com.chamikaperera.AbacusUITests;
				PRODUCT_NAME = "$(TARGET_NAME)";
				SWIFT_EMIT_LOC_STRINGS = NO;
				SWIFT_VERSION = 5.0;
				TARGETED_DEVICE_FAMILY = "1,2";
				TEST_TARGET_NAME = Abacus;
			};
			name = Release;
		};
/* End XCBuildConfiguration section */

/* Begin XCConfigurationList section */
		7052198827EB091200A9D712 /* Build configuration list for PBXProject "Abacus" */ = {
			isa = XCConfigurationList;
			buildConfigurations = (
				705219B827EB091300A9D712 /* Debug */,
				705219B927EB091300A9D712 /* Release */,
			);
			defaultConfigurationIsVisible = 0;
			defaultConfigurationName = Release;
		};
		705219BA27EB091300A9D712 /* Build configuration list for PBXNativeTarget "Abacus" */ = {
			isa = XCConfigurationList;
			buildConfigurations = (
				705219BB27EB091300A9D712 /* Debug */,
				705219BC27EB091300A9D712 /* Release */,
			);
			defaultConfigurationIsVisible = 0;
			defaultConfigurationName = Release;
		};
		705219BD27EB091300A9D712 /* Build configuration list for PBXNativeTarget "AbacusTests" */ = {
			isa = XCConfigurationList;
			buildConfigurations = (
				705219BE27EB091300A9D712 /* Debug */,
				705219BF27EB091300A9D712 /* Release */,
			);
			defaultConfigurationIsVisible = 0;
			defaultConfigurationName = Release;
		};
		705219C027EB091300A9D712 /* Build configuration list for PBXNativeTarget "AbacusUITests" */ = {
			isa = XCConfigurationList;
			buildConfigurations = (
				705219C127EB091300A9D712 /* Debug */,
				705219C227EB091300A9D712 /* Release */,
			);
			defaultConfigurationIsVisible = 0;
			defaultConfigurationName = Release;
		};
/* End XCConfigurationList section */

/* Begin XCVersionGroup section */
		7052199927EB091200A9D712 /* Abacus.xcdatamodeld */ = {
			isa = XCVersionGroup;
			children = (
				7052199A27EB091200A9D712 /* Abacus.xcdatamodel */,
			);
			currentVersion = 7052199A27EB091200A9D712 /* Abacus.xcdatamodel */;
			path = Abacus.xcdatamodeld;
			sourceTree = "<group>";
			versionGroupType = wrapper.xcdatamodel;
		};
/* End XCVersionGroup section */
	};
	rootObject = 7052198527EB091200A9D712 /* Project object */;
}
